
Microsoft Visual Studio Solution File, Format Version 12.00
# Visual Studio Version 16
VisualStudioVersion = 16.0.30413.136
MinimumVisualStudioVersion = 10.0.40219.1
Project("{8BC9CEB8-8B4A-11D0-8D11-00A0C91BC942}") = "RemoteCtrl", "RemoteCtrl\RemoteCtrl.vcxproj", "{A12BA379-C0B5-405D-BD6E-EE46F1FAD9B8}"
EndProject
Project("{8BC9CEB8-8B4A-11D0-8D11-00A0C91BC942}") = "RemoteClient", "RemoteClient\RemoteClient.vcxproj", "{A2AF6387-3DBE-4F6B-831D-F07D9B03C93D}"
EndProject
Global
	GlobalSection(SolutionConfigurationPlatforms) = preSolution
		Debug|x64 = Debug|x64
		Debug|x86 = Debug|x86
		Release|x64 = Release|x64
		Release|x86 = Release|x86
	EndGlobalSection
	GlobalSection(ProjectConfigurationPlatforms) = postSolution
		{A12BA379-C0B5-405D-BD6E-EE46F1FAD9B8}.Debug|x64.ActiveCfg = Debug|x64
		{A12BA379-C0B5-405D-BD6E-EE46F1FAD9B8}.Debug|x64.Build.0 = Debug|x64
		{A12BA379-C0B5-405D-BD6E-EE46F1FAD9B8}.Debug|x86.ActiveCfg = Debug|Win32
		{A12BA379-C0B5-405D-BD6E-EE46F1FAD9B8}.Debug|x86.Build.0 = Debug|Win32
		{A12BA379-C0B5-405D-BD6E-EE46F1FAD9B8}.Release|x64.ActiveCfg = Release|x64
		{A12BA379-C0B5-405D-BD6E-EE46F1FAD9B8}.Release|x64.Build.0 = Release|x64
		{A12BA379-C0B5-405D-BD6E-EE46F1FAD9B8}.Release|x86.ActiveCfg = Release|Win32
		{A12BA379-C0B5-405D-BD6E-EE46F1FAD9B8}.Release|x86.Build.0 = Release|Win32
		{A2AF6387-3DBE-4F6B-831D-F07D9B03C93D}.Debug|x64.ActiveCfg = Debug|x64
		{A2AF6387-3DBE-4F6B-831D-F07D9B03C93D}.Debug|x64.Build.0 = Debug|x64
		{A2AF6387-3DBE-4F6B-831D-F07D9B03C93D}.Debug|x86.ActiveCfg = Debug|Win32
		{A2AF6387-3DBE-4F6B-831D-F07D9B03C93D}.Debug|x86.Build.0 = Debug|Win32
		{A2AF6387-3DBE-4F6B-831D-F07D9B03C93D}.Release|x64.ActiveCfg = Release|x64
		{A2AF6387-3DBE-4F6B-831D-F07D9B03C93D}.Release|x64.Build.0 = Release|x64
		{A2AF6387-3DBE-4F6B-831D-F07D9B03C93D}.Release|x86.ActiveCfg = Release|Win32
		{A2AF6387-3DBE-4F6B-831D-F07D9B03C93D}.Release|x86.Build.0 = Release|Win32
	EndGlobalSection
	GlobalSection(SolutionProperties) = preSolution
		HideSolutionNode = FALSE
	EndGlobalSection
	GlobalSection(ExtensibilityGlobals) = postSolution
		SolutionGuid = {233FE192-FD39-4F22-94D8-E11C0A4F1A66}
	EndGlobalSection
EndGlobal
